{
  "name": "aurelia-site-generator",
  "version": "1.0.0",
  "lockfileVersion": 2,
  "requires": true,
  "packages": {
    "": {
      "name": "aurelia-site-generator",
      "version": "1.0.0",
      "license": "MIT",
      "dependencies": {
        "commonmark": "^0.29.3",
        "handlebars": "^4.7.6",
        "html-to-text": "^6.0.0",
        "js-yaml": "^3.14.1",
        "parse-author": "^2.0.0",
        "prismjs": "^1.23.0",
        "typedoc": "^0.15.6",
        "typescript": "^4.1.3"
      },
      "bin": {
        "au-site": "bin/au-site.js"
      }
    },
    "node_modules/@types/minimatch": {
      "version": "3.0.3",
      "resolved": "https://registry.npmjs.org/@types/minimatch/-/minimatch-3.0.3.tgz",
      "integrity": "sha512-tHq6qdbT9U1IRSGf14CL0pUlULksvY9OZ+5eEgl1N7t+OA3tGvNpxJCzuKQlsNgCVwbAs670L1vcVQi8j9HjnA=="
    },
    "node_modules/argparse": {
      "version": "1.0.10",
      "resolved": "https://registry.npmjs.org/argparse/-/argparse-1.0.10.tgz",
      "integrity": "sha512-o5Roy6tNG4SL/FOkCAN6RzjiakZS25RLYFrcMttJqbdd8BWrnA+fGz57iN5Pb06pvBGvl5gQ0B48dJlslXvoTg==",
      "dependencies": {
        "sprintf-js": "~1.0.2"
      }
    },
    "node_modules/author-regex": {
      "version": "1.0.0",
      "resolved": "https://registry.npmjs.org/author-regex/-/author-regex-1.0.0.tgz",
      "integrity": "sha1-0IiFvmubv5Q5/gh8dihyRfCoFFA=",
      "engines": {
        "node": ">=0.8"
      }
    },
    "node_modules/backbone": {
      "version": "1.4.0",
      "resolved": "https://registry.npmjs.org/backbone/-/backbone-1.4.0.tgz",
      "integrity": "sha512-RLmDrRXkVdouTg38jcgHhyQ/2zjg7a8E6sz2zxfz21Hh17xDJYUHBZimVIt5fUyS8vbfpeSmTL3gUjTEvUV3qQ==",
      "dependencies": {
        "underscore": ">=1.8.3"
      }
    },
    "node_modules/balanced-match": {
      "version": "1.0.0",
      "resolved": "https://registry.npmjs.org/balanced-match/-/balanced-match-1.0.0.tgz",
      "integrity": "sha1-ibTRmasr7kneFk6gK4nORi1xt2c="
    },
    "node_modules/brace-expansion": {
      "version": "1.1.11",
      "resolved": "https://registry.npmjs.org/brace-expansion/-/brace-expansion-1.1.11.tgz",
      "integrity": "sha512-iCuPHDFgrHX7H2vEI/5xpz07zSHB00TpugqhmYtVmMO6518mCuRMoOYFldEBl0g187ufozdaHgWKcYFb61qGiA==",
      "dependencies": {
        "balanced-match": "^1.0.0",
        "concat-map": "0.0.1"
      }
    },
    "node_modules/clipboard": {
      "version": "2.0.6",
      "resolved": "https://registry.npmjs.org/clipboard/-/clipboard-2.0.6.tgz",
      "integrity": "sha512-g5zbiixBRk/wyKakSwCKd7vQXDjFnAMGHoEyBogG/bw9kTD9GvdAvaoRR1ALcEzt3pVKxZR0pViekPMIS0QyGg==",
      "optional": true,
      "dependencies": {
        "good-listener": "^1.2.2",
        "select": "^1.1.2",
        "tiny-emitter": "^2.0.0"
      }
    },
    "node_modules/commonmark": {
      "version": "0.29.3",
      "resolved": "https://registry.npmjs.org/commonmark/-/commonmark-0.29.3.tgz",
      "integrity": "sha512-fvt/NdOFKaL2gyhltSy6BC4LxbbxbnPxBMl923ittqO/JBM0wQHaoYZliE4tp26cRxX/ZZtRsJlZzQrVdUkXAA==",
      "dependencies": {
        "entities": "~2.0",
        "mdurl": "~1.0.1",
        "minimist": ">=1.2.2",
        "string.prototype.repeat": "^0.2.0"
      },
      "bin": {
        "commonmark": "bin/commonmark"
      },
      "engines": {
        "node": "*"
      }
    },
    "node_modules/concat-map": {
      "version": "0.0.1",
      "resolved": "https://registry.npmjs.org/concat-map/-/concat-map-0.0.1.tgz",
      "integrity": "sha1-2Klr13/Wjfd5OnMDajug1UBdR3s="
    },
    "node_modules/deepmerge": {
      "version": "4.2.2",
      "resolved": "https://registry.npmjs.org/deepmerge/-/deepmerge-4.2.2.tgz",
      "integrity": "sha512-FJ3UgI4gIl+PHZm53knsuSFpE+nESMr7M4v9QcgB7S63Kj/6WqMiFQJpBBYz1Pt+66bZpP3Q7Lye0Oo9MPKEdg==",
      "engines": {
        "node": ">=0.10.0"
      }
    },
    "node_modules/delegate": {
      "version": "3.2.0",
      "resolved": "https://registry.npmjs.org/delegate/-/delegate-3.2.0.tgz",
      "integrity": "sha512-IofjkYBZaZivn0V8nnsMJGBr4jVLxHDheKSW88PyxS5QC4Vo9ZbZVvhzlSxY87fVq3STR6r+4cGepyHkcWOQSw==",
      "optional": true
    },
    "node_modules/dom-serializer": {
      "version": "1.2.0",
      "resolved": "https://registry.npmjs.org/dom-serializer/-/dom-serializer-1.2.0.tgz",
      "integrity": "sha512-n6kZFH/KlCrqs/1GHMOd5i2fd/beQHuehKdWvNNffbGHTr/almdhuVvTVFb3V7fglz+nC50fFusu3lY33h12pA==",
      "dependencies": {
        "domelementtype": "^2.0.1",
        "domhandler": "^4.0.0",
        "entities": "^2.0.0"
      }
    },
    "node_modules/dom-serializer/node_modules/domhandler": {
      "version": "4.0.0",
      "resolved": "https://registry.npmjs.org/domhandler/-/domhandler-4.0.0.tgz",
      "integrity": "sha512-KPTbnGQ1JeEMQyO1iYXoagsI6so/C96HZiFyByU3T6iAzpXn8EGEvct6unm1ZGoed8ByO2oirxgwxBmqKF9haA==",
      "dependencies": {
        "domelementtype": "^2.1.0"
      },
      "engines": {
        "node": ">= 4"
      }
    },
    "node_modules/domelementtype": {
      "version": "2.1.0",
      "resolved": "https://registry.npmjs.org/domelementtype/-/domelementtype-2.1.0.tgz",
      "integrity": "sha512-LsTgx/L5VpD+Q8lmsXSHW2WpA+eBlZ9HPf3erD1IoPF00/3JKHZ3BknUVA2QGDNu69ZNmyFmCWBSO45XjYKC5w=="
    },
    "node_modules/domhandler": {
      "version": "3.3.0",
      "resolved": "https://registry.npmjs.org/domhandler/-/domhandler-3.3.0.tgz",
      "integrity": "sha512-J1C5rIANUbuYK+FuFL98650rihynUOEzRLxW+90bKZRWB6A1X1Tf82GxR1qAWLyfNPRvjqfip3Q5tdYlmAa9lA==",
      "dependencies": {
        "domelementtype": "^2.0.1"
      },
      "engines": {
        "node": ">= 4"
      }
    },
    "node_modules/domutils": {
      "version": "2.4.4",
      "resolved": "https://registry.npmjs.org/domutils/-/domutils-2.4.4.tgz",
      "integrity": "sha512-jBC0vOsECI4OMdD0GC9mGn7NXPLb+Qt6KW1YDQzeQYRUFKmNG8lh7mO5HiELfr+lLQE7loDVI4QcAxV80HS+RA==",
      "dependencies": {
        "dom-serializer": "^1.0.1",
        "domelementtype": "^2.0.1",
        "domhandler": "^4.0.0"
      }
    },
    "node_modules/domutils/node_modules/domhandler": {
      "version": "4.0.0",
      "resolved": "https://registry.npmjs.org/domhandler/-/domhandler-4.0.0.tgz",
      "integrity": "sha512-KPTbnGQ1JeEMQyO1iYXoagsI6so/C96HZiFyByU3T6iAzpXn8EGEvct6unm1ZGoed8ByO2oirxgwxBmqKF9haA==",
      "dependencies": {
        "domelementtype": "^2.1.0"
      },
      "engines": {
        "node": ">= 4"
      }
    },
    "node_modules/entities": {
      "version": "2.0.3",
      "resolved": "https://registry.npmjs.org/entities/-/entities-2.0.3.tgz",
      "integrity": "sha512-MyoZ0jgnLvB2X3Lg5HqpFmn1kybDiIfEQmKzTb5apr51Rb+T3KdmMiqa70T+bhGnyv7bQ6WMj2QMHpGMmlrUYQ=="
    },
    "node_modules/esprima": {
      "version": "4.0.1",
      "resolved": "https://registry.npmjs.org/esprima/-/esprima-4.0.1.tgz",
      "integrity": "sha512-eGuFFw7Upda+g4p+QHvnW0RyTX/SVeJBDM/gCtMARO0cLuT2HcEKnTPvhjV6aGeqrCB/sbNop0Kszm0jsaWU4A==",
      "bin": {
        "esparse": "bin/esparse.js",
        "esvalidate": "bin/esvalidate.js"
      },
      "engines": {
        "node": ">=4"
      }
    },
    "node_modules/fs-extra": {
      "version": "8.1.0",
      "resolved": "https://registry.npmjs.org/fs-extra/-/fs-extra-8.1.0.tgz",
      "integrity": "sha512-yhlQgA6mnOJUKOsRUFsgJdQCvkKhcz8tlZG5HBQfReYZy46OwLcY+Zia0mtdHsOo9y/hP+CxMN0TU9QxoOtG4g==",
      "dependencies": {
        "graceful-fs": "^4.2.0",
        "jsonfile": "^4.0.0",
        "universalify": "^0.1.0"
      },
      "engines": {
        "node": ">=6 <7 || >=8"
      }
    },
    "node_modules/fs.realpath": {
      "version": "1.0.0",
      "resolved": "https://registry.npmjs.org/fs.realpath/-/fs.realpath-1.0.0.tgz",
      "integrity": "sha1-FQStJSMVjKpA20onh8sBQRmU6k8="
    },
    "node_modules/function-bind": {
      "version": "1.1.1",
      "resolved": "https://registry.npmjs.org/function-bind/-/function-bind-1.1.1.tgz",
      "integrity": "sha512-yIovAzMX49sF8Yl58fSCWJ5svSLuaibPxXQJFLmBObTuCr0Mf1KiPopGM9NiFjiYBCbfaa2Fh6breQ6ANVTI0A=="
    },
    "node_modules/glob": {
      "version": "7.1.6",
      "resolved": "https://registry.npmjs.org/glob/-/glob-7.1.6.tgz",
      "integrity": "sha512-LwaxwyZ72Lk7vZINtNNrywX0ZuLyStrdDtabefZKAY5ZGJhVtgdznluResxNmPitE0SAO+O26sWTHeKSI2wMBA==",
      "dependencies": {
        "fs.realpath": "^1.0.0",
        "inflight": "^1.0.4",
        "inherits": "2",
        "minimatch": "^3.0.4",
        "once": "^1.3.0",
        "path-is-absolute": "^1.0.0"
      },
      "engines": {
        "node": "*"
      }
    },
    "node_modules/good-listener": {
      "version": "1.2.2",
      "resolved": "https://registry.npmjs.org/good-listener/-/good-listener-1.2.2.tgz",
      "integrity": "sha1-1TswzfkxPf+33JoNR3CWqm0UXFA=",
      "optional": true,
      "dependencies": {
        "delegate": "^3.1.2"
      }
    },
    "node_modules/graceful-fs": {
      "version": "4.2.6",
      "resolved": "https://registry.npmjs.org/graceful-fs/-/graceful-fs-4.2.6.tgz",
      "integrity": "sha512-nTnJ528pbqxYanhpDYsi4Rd8MAeaBA67+RZ10CM1m3bTAVFEDcd5AuA4a6W5YkGZ1iNXHzZz8T6TBKLeBuNriQ=="
    },
    "node_modules/handlebars": {
      "version": "4.7.6",
      "resolved": "https://registry.npmjs.org/handlebars/-/handlebars-4.7.6.tgz",
      "integrity": "sha512-1f2BACcBfiwAfStCKZNrUCgqNZkGsAT7UM3kkYtXuLo0KnaVfjKOyf7PRzB6++aK9STyT1Pd2ZCPe3EGOXleXA==",
      "dependencies": {
        "minimist": "^1.2.5",
        "neo-async": "^2.6.0",
        "source-map": "^0.6.1",
        "wordwrap": "^1.0.0"
      },
      "bin": {
        "handlebars": "bin/handlebars"
      },
      "engines": {
        "node": ">=0.4.7"
      },
      "optionalDependencies": {
        "uglify-js": "^3.1.4"
      }
    },
    "node_modules/has": {
      "version": "1.0.3",
      "resolved": "https://registry.npmjs.org/has/-/has-1.0.3.tgz",
      "integrity": "sha512-f2dvO0VU6Oej7RkWJGrehjbzMAjFp5/VKPp5tTpWIV4JHHZK1/BxbFRtf/siA2SWTe09caDmVtYYzWEIbBS4zw==",
      "dependencies": {
        "function-bind": "^1.1.1"
      },
      "engines": {
        "node": ">= 0.4.0"
      }
    },
    "node_modules/he": {
      "version": "1.2.0",
      "resolved": "https://registry.npmjs.org/he/-/he-1.2.0.tgz",
      "integrity": "sha512-F/1DnUGPopORZi0ni+CvrCgHQ5FyEAHRLSApuYWMmrbSwoN2Mn/7k+Gl38gJnR7yyDZk6WLXwiGod1JOWNDKGw==",
      "bin": {
        "he": "bin/he"
      }
    },
    "node_modules/highlight.js": {
      "version": "9.18.5",
      "resolved": "https://registry.npmjs.org/highlight.js/-/highlight.js-9.18.5.tgz",
      "integrity": "sha512-a5bFyofd/BHCX52/8i8uJkjr9DYwXIPnM/plwI6W7ezItLGqzt7X2G2nXuYSfsIJdkwwj/g9DG1LkcGJI/dDoA==",
      "deprecated": "Support has ended for 9.x series. Upgrade to @latest",
      "hasInstallScript": true,
      "engines": {
        "node": "*"
      }
    },
    "node_modules/html-to-text": {
      "version": "6.0.0",
      "resolved": "https://registry.npmjs.org/html-to-text/-/html-to-text-6.0.0.tgz",
      "integrity": "sha512-r0KNC5aqCAItsjlgtirW6RW25c92Ee3ybQj8z//4Sl4suE3HIPqM4deGpYCUJULLjtVPEP1+Ma+1ZeX1iMsCiA==",
      "dependencies": {
        "deepmerge": "^4.2.2",
        "he": "^1.2.0",
        "htmlparser2": "^4.1.0",
        "lodash": "^4.17.20",
        "minimist": "^1.2.5"
      },
      "bin": {
        "html-to-text": "bin/cli.js"
      },
      "engines": {
        "node": ">=8.10.0"
      }
    },
    "node_modules/htmlparser2": {
      "version": "4.1.0",
      "resolved": "https://registry.npmjs.org/htmlparser2/-/htmlparser2-4.1.0.tgz",
      "integrity": "sha512-4zDq1a1zhE4gQso/c5LP1OtrhYTncXNSpvJYtWJBtXAETPlMfi3IFNjGuQbYLuVY4ZR0QMqRVvo4Pdy9KLyP8Q==",
      "dependencies": {
        "domelementtype": "^2.0.1",
        "domhandler": "^3.0.0",
        "domutils": "^2.0.0",
        "entities": "^2.0.0"
      }
    },
    "node_modules/inflight": {
      "version": "1.0.6",
      "resolved": "https://registry.npmjs.org/inflight/-/inflight-1.0.6.tgz",
      "integrity": "sha1-Sb1jMdfQLQwJvJEKEHW6gWW1bfk=",
      "dependencies": {
        "once": "^1.3.0",
        "wrappy": "1"
      }
    },
    "node_modules/inherits": {
      "version": "2.0.4",
      "resolved": "https://registry.npmjs.org/inherits/-/inherits-2.0.4.tgz",
      "integrity": "sha512-k/vGaX4/Yla3WzyMCvTQOXYeIHvqOKtnqBduzTHpzpQZzAskKMhZ2K+EnBiSM9zGSoIFeMpXKxa4dYeZIQqewQ=="
    },
    "node_modules/interpret": {
      "version": "1.4.0",
      "resolved": "https://registry.npmjs.org/interpret/-/interpret-1.4.0.tgz",
      "integrity": "sha512-agE4QfB2Lkp9uICn7BAqoscw4SZP9kTE2hxiFI3jBPmXJfdqiahTbUuKGsMoN2GtqL9AxhYioAcVvgsb1HvRbA==",
      "engines": {
        "node": ">= 0.10"
      }
    },
    "node_modules/is-core-module": {
      "version": "2.2.0",
      "resolved": "https://registry.npmjs.org/is-core-module/-/is-core-module-2.2.0.tgz",
      "integrity": "sha512-XRAfAdyyY5F5cOXn7hYQDqh2Xmii+DEfIcQGxK/uNwMHhIkPWO0g8msXcbzLe+MpGoR951MlqM/2iIlU4vKDdQ==",
      "dependencies": {
        "has": "^1.0.3"
      }
    },
    "node_modules/jquery": {
      "version": "3.5.1",
      "resolved": "https://registry.npmjs.org/jquery/-/jquery-3.5.1.tgz",
      "integrity": "sha512-XwIBPqcMn57FxfT+Go5pzySnm4KWkT1Tv7gjrpT1srtf8Weynl6R273VJ5GjkRb51IzMp5nbaPjJXMWeju2MKg=="
    },
    "node_modules/js-yaml": {
      "version": "3.14.1",
      "resolved": "https://registry.npmjs.org/js-yaml/-/js-yaml-3.14.1.tgz",
      "integrity": "sha512-okMH7OXXJ7YrN9Ok3/SXrnu4iX9yOk+25nqX4imS2npuvTYDmo/QEZoqwZkYaIDk3jVvBOTOIEgEhaLOynBS9g==",
      "dependencies": {
        "argparse": "^1.0.7",
        "esprima": "^4.0.0"
      },
      "bin": {
        "js-yaml": "bin/js-yaml.js"
      }
    },
    "node_modules/jsonfile": {
      "version": "4.0.0",
      "resolved": "https://registry.npmjs.org/jsonfile/-/jsonfile-4.0.0.tgz",
      "integrity": "sha1-h3Gq4HmbZAdrdmQPygWPnBDjPss=",
      "optionalDependencies": {
        "graceful-fs": "^4.1.6"
      }
    },
    "node_modules/lodash": {
      "version": "4.17.20",
      "resolved": "https://registry.npmjs.org/lodash/-/lodash-4.17.20.tgz",
      "integrity": "sha512-PlhdFcillOINfeV7Ni6oF1TAEayyZBoZ8bcshTHqOYJYlrqzRK5hagpagky5o4HfCzzd1TRkXPMFq6cKk9rGmA=="
    },
    "node_modules/lunr": {
      "version": "2.3.9",
      "resolved": "https://registry.npmjs.org/lunr/-/lunr-2.3.9.tgz",
      "integrity": "sha512-zTU3DaZaF3Rt9rhN3uBMGQD3dD2/vFQqnvZCDv4dl5iOzq2IZQqTxu90r4E5J+nP70J3ilqVCrbho2eWaeW8Ow=="
    },
    "node_modules/marked": {
      "version": "0.8.2",
      "resolved": "https://registry.npmjs.org/marked/-/marked-0.8.2.tgz",
      "integrity": "sha512-EGwzEeCcLniFX51DhTpmTom+dSA/MG/OBUDjnWtHbEnjAH180VzUeAw+oE4+Zv+CoYBWyRlYOTR0N8SO9R1PVw==",
      "bin": {
        "marked": "bin/marked"
      },
      "engines": {
        "node": ">= 8.16.2"
      }
    },
    "node_modules/mdurl": {
      "version": "1.0.1",
      "resolved": "https://registry.npmjs.org/mdurl/-/mdurl-1.0.1.tgz",
      "integrity": "sha1-/oWy7HWlkDfyrf7BAP1sYBdhFS4="
    },
    "node_modules/minimatch": {
      "version": "3.0.4",
      "resolved": "https://registry.npmjs.org/minimatch/-/minimatch-3.0.4.tgz",
      "integrity": "sha512-yJHVQEhyqPLUTgt9B83PXu6W3rx4MvvHvSUvToogpwoGDOUQ+yDrR0HRot+yOCdCO7u4hX3pWft6kWBBcqh0UA==",
      "dependencies": {
        "brace-expansion": "^1.1.7"
      },
      "engines": {
        "node": "*"
      }
    },
    "node_modules/minimist": {
      "version": "1.2.6",
      "resolved": "https://registry.npmjs.org/minimist/-/minimist-1.2.6.tgz",
      "integrity": "sha512-Jsjnk4bw3YJqYzbdyBiNsPWHPfO++UGG749Cxs6peCu5Xg4nrena6OVxOYxrQTqww0Jmwt+Ref8rggumkTLz9Q=="
    },
    "node_modules/neo-async": {
      "version": "2.6.2",
      "resolved": "https://registry.npmjs.org/neo-async/-/neo-async-2.6.2.tgz",
      "integrity": "sha512-Yd3UES5mWCSqR+qNT93S3UoYUkqAZ9lLg8a7g9rimsWmYGK8cVToA4/sF3RrshdyV3sAGMXVUmpMYOw+dLpOuw=="
    },
    "node_modules/once": {
      "version": "1.4.0",
      "resolved": "https://registry.npmjs.org/once/-/once-1.4.0.tgz",
      "integrity": "sha1-WDsap3WWHUsROsF9nFC6753Xa9E=",
      "dependencies": {
        "wrappy": "1"
      }
    },
    "node_modules/parse-author": {
      "version": "2.0.0",
      "resolved": "https://registry.npmjs.org/parse-author/-/parse-author-2.0.0.tgz",
      "integrity": "sha1-00YL8d3Q367tQtp1QkLmX7aEqB8=",
      "dependencies": {
        "author-regex": "^1.0.0"
      },
      "engines": {
        "node": ">=0.10.0"
      }
    },
    "node_modules/path-is-absolute": {
      "version": "1.0.1",
      "resolved": "https://registry.npmjs.org/path-is-absolute/-/path-is-absolute-1.0.1.tgz",
      "integrity": "sha1-F0uSaHNVNP+8es5r9TpanhtcX18=",
      "engines": {
        "node": ">=0.10.0"
      }
    },
    "node_modules/path-parse": {
      "version": "1.0.6",
      "resolved": "https://registry.npmjs.org/path-parse/-/path-parse-1.0.6.tgz",
      "integrity": "sha512-GSmOT2EbHrINBf9SR7CDELwlJ8AENk3Qn7OikK4nFYAu3Ote2+JYNVvkpAEQm3/TLNEJFD/xZJjzyxg3KBWOzw=="
    },
    "node_modules/prismjs": {
      "version": "1.23.0",
      "resolved": "https://registry.npmjs.org/prismjs/-/prismjs-1.23.0.tgz",
      "integrity": "sha512-c29LVsqOaLbBHuIbsTxaKENh1N2EQBOHaWv7gkHN4dgRbxSREqDnDbtFJYdpPauS4YCplMSNCABQ6Eeor69bAA==",
      "optionalDependencies": {
        "clipboard": "^2.0.0"
      }
    },
    "node_modules/progress": {
      "version": "2.0.3",
      "resolved": "https://registry.npmjs.org/progress/-/progress-2.0.3.tgz",
      "integrity": "sha512-7PiHtLll5LdnKIMw100I+8xJXR5gW2QwWYkT6iJva0bXitZKa/XMrSbdmg3r2Xnaidz9Qumd0VPaMrZlF9V9sA==",
      "engines": {
        "node": ">=0.4.0"
      }
    },
    "node_modules/rechoir": {
      "version": "0.6.2",
      "resolved": "https://registry.npmjs.org/rechoir/-/rechoir-0.6.2.tgz",
      "integrity": "sha1-hSBLVNuoLVdC4oyWdW70OvUOM4Q=",
      "dependencies": {
        "resolve": "^1.1.6"
      },
      "engines": {
        "node": ">= 0.10"
      }
    },
    "node_modules/resolve": {
      "version": "1.19.0",
      "resolved": "https://registry.npmjs.org/resolve/-/resolve-1.19.0.tgz",
      "integrity": "sha512-rArEXAgsBG4UgRGcynxWIWKFvh/XZCcS8UJdHhwy91zwAvCZIbcs+vAbflgBnNjYMs/i/i+/Ux6IZhML1yPvxg==",
      "dependencies": {
        "is-core-module": "^2.1.0",
        "path-parse": "^1.0.6"
      }
    },
    "node_modules/select": {
      "version": "1.1.2",
      "resolved": "https://registry.npmjs.org/select/-/select-1.1.2.tgz",
      "integrity": "sha1-DnNQrN7ICxEIUoeG7B1EGNEbOW0=",
      "optional": true
    },
    "node_modules/shelljs": {
      "version": "0.8.4",
      "resolved": "https://registry.npmjs.org/shelljs/-/shelljs-0.8.4.tgz",
      "integrity": "sha512-7gk3UZ9kOfPLIAbslLzyWeGiEqx9e3rxwZM0KE6EL8GlGwjym9Mrlx5/p33bWTu9YG6vcS4MBxYZDHYr5lr8BQ==",
      "dependencies": {
        "glob": "^7.0.0",
        "interpret": "^1.0.0",
        "rechoir": "^0.6.2"
      },
      "bin": {
        "shjs": "bin/shjs"
      },
      "engines": {
        "node": ">=4"
      }
    },
    "node_modules/source-map": {
      "version": "0.6.1",
      "resolved": "https://registry.npmjs.org/source-map/-/source-map-0.6.1.tgz",
      "integrity": "sha512-UjgapumWlbMhkBgzT7Ykc5YXUT46F0iKu8SGXq0bcwP5dz/h0Plj6enJqjz1Zbq2l5WaqYnrVbwWOWMyF3F47g==",
      "engines": {
        "node": ">=0.10.0"
      }
    },
    "node_modules/sprintf-js": {
      "version": "1.0.3",
      "resolved": "https://registry.npmjs.org/sprintf-js/-/sprintf-js-1.0.3.tgz",
      "integrity": "sha1-BOaSb2YolTVPPdAVIDYzuFcpfiw="
    },
    "node_modules/string.prototype.repeat": {
      "version": "0.2.0",
      "resolved": "https://registry.npmjs.org/string.prototype.repeat/-/string.prototype.repeat-0.2.0.tgz",
      "integrity": "sha1-q6Nt4I3O5qWjN9SbLqHaGyj8Ds8="
    },
    "node_modules/tiny-emitter": {
      "version": "2.1.0",
      "resolved": "https://registry.npmjs.org/tiny-emitter/-/tiny-emitter-2.1.0.tgz",
      "integrity": "sha512-NB6Dk1A9xgQPMoGqC5CVXn123gWyte215ONT5Pp5a0yt4nlEoO1ZWeCwpncaekPHXO60i47ihFnZPiRPjRMq4Q==",
      "optional": true
    },
    "node_modules/typedoc": {
      "version": "0.15.8",
      "resolved": "https://registry.npmjs.org/typedoc/-/typedoc-0.15.8.tgz",
      "integrity": "sha512-a0zypcvfIFsS7Gqpf2MkC1+jNND3K1Om38pbDdy/gYWX01NuJZhC5+O0HkIp0oRIZOo7PWrA5+fC24zkANY28Q==",
      "dependencies": {
        "@types/minimatch": "3.0.3",
        "fs-extra": "^8.1.0",
        "handlebars": "^4.7.0",
        "highlight.js": "^9.17.1",
        "lodash": "^4.17.15",
        "marked": "^0.8.0",
        "minimatch": "^3.0.0",
        "progress": "^2.0.3",
        "shelljs": "^0.8.3",
        "typedoc-default-themes": "^0.6.3",
        "typescript": "3.7.x"
      },
      "bin": {
        "typedoc": "bin/typedoc"
      },
      "engines": {
        "node": ">= 6.0.0"
      }
    },
    "node_modules/typedoc-default-themes": {
      "version": "0.6.3",
      "resolved": "https://registry.npmjs.org/typedoc-default-themes/-/typedoc-default-themes-0.6.3.tgz",
      "integrity": "sha512-rouf0TcIA4M2nOQFfC7Zp4NEwoYiEX4vX/ZtudJWU9IHA29MPC+PPgSXYLPESkUo7FuB//GxigO3mk9Qe1xp3Q==",
      "dependencies": {
        "backbone": "^1.4.0",
        "jquery": "^3.4.1",
        "lunr": "^2.3.8",
        "underscore": "^1.9.1"
      },
      "engines": {
        "node": ">= 8"
      }
    },
    "node_modules/typedoc/node_modules/typescript": {
      "version": "3.7.7",
      "resolved": "https://registry.npmjs.org/typescript/-/typescript-3.7.7.tgz",
      "integrity": "sha512-MmQdgo/XenfZPvVLtKZOq9jQQvzaUAUpcKW8Z43x9B2fOm4S5g//tPtMweZUIP+SoBqrVPEIm+dJeQ9dfO0QdA==",
      "bin": {
        "tsc": "bin/tsc",
        "tsserver": "bin/tsserver"
      },
      "engines": {
        "node": ">=4.2.0"
      }
    },
    "node_modules/typescript": {
      "version": "4.1.3",
      "resolved": "https://registry.npmjs.org/typescript/-/typescript-4.1.3.tgz",
      "integrity": "sha512-B3ZIOf1IKeH2ixgHhj6la6xdwR9QrLC5d1VKeCSY4tvkqhF2eqd9O7txNlS0PO3GrBAFIdr3L1ndNwteUbZLYg==",
      "bin": {
        "tsc": "bin/tsc",
        "tsserver": "bin/tsserver"
      },
      "engines": {
        "node": ">=4.2.0"
      }
    },
    "node_modules/uglify-js": {
      "version": "3.12.4",
      "resolved": "https://registry.npmjs.org/uglify-js/-/uglify-js-3.12.4.tgz",
      "integrity": "sha512-L5i5jg/SHkEqzN18gQMTWsZk3KelRsfD1wUVNqtq0kzqWQqcJjyL8yc1o8hJgRrWqrAl2mUFbhfznEIoi7zi2A==",
      "optional": true,
      "bin": {
        "uglifyjs": "bin/uglifyjs"
      },
      "engines": {
        "node": ">=0.8.0"
      }
    },
    "node_modules/underscore": {
      "version": "1.12.0",
      "resolved": "https://registry.npmjs.org/underscore/-/underscore-1.12.0.tgz",
      "integrity": "sha512-21rQzss/XPMjolTiIezSu3JAjgagXKROtNrYFEOWK109qY1Uv2tVjPTZ1ci2HgvQDA16gHYSthQIJfB+XId/rQ=="
    },
    "node_modules/universalify": {
      "version": "0.1.2",
      "resolved": "https://registry.npmjs.org/universalify/-/universalify-0.1.2.tgz",
      "integrity": "sha512-rBJeI5CXAlmy1pV+617WB9J63U6XcazHHF2f2dbJix4XzpUF0RS3Zbj0FGIOCAva5P/d/GBOYaACQ1w+0azUkg==",
      "engines": {
        "node": ">= 4.0.0"
      }
    },
    "node_modules/wordwrap": {
      "version": "1.0.0",
      "resolved": "https://registry.npmjs.org/wordwrap/-/wordwrap-1.0.0.tgz",
      "integrity": "sha1-J1hIEIkUVqQXHI0CJkQa3pDLyus="
    },
    "node_modules/wrappy": {
      "version": "1.0.2",
      "resolved": "https://registry.npmjs.org/wrappy/-/wrappy-1.0.2.tgz",
      "integrity": "sha1-tSQ9jz7BqjXxNkYFvA0QNuMKtp8="
    }
  },
  "dependencies": {
    "@types/minimatch": {
      "version": "3.0.3",
      "resolved": "https://registry.npmjs.org/@types/minimatch/-/minimatch-3.0.3.tgz",
      "integrity": "sha512-tHq6qdbT9U1IRSGf14CL0pUlULksvY9OZ+5eEgl1N7t+OA3tGvNpxJCzuKQlsNgCVwbAs670L1vcVQi8j9HjnA=="
    },
    "argparse": {
      "version": "1.0.10",
      "resolved": "https://registry.npmjs.org/argparse/-/argparse-1.0.10.tgz",
      "integrity": "sha512-o5Roy6tNG4SL/FOkCAN6RzjiakZS25RLYFrcMttJqbdd8BWrnA+fGz57iN5Pb06pvBGvl5gQ0B48dJlslXvoTg==",
      "requires": {
        "sprintf-js": "~1.0.2"
      }
    },
    "author-regex": {
      "version": "1.0.0",
      "resolved": "https://registry.npmjs.org/author-regex/-/author-regex-1.0.0.tgz",
      "integrity": "sha1-0IiFvmubv5Q5/gh8dihyRfCoFFA="
    },
    "backbone": {
      "version": "1.4.0",
      "resolved": "https://registry.npmjs.org/backbone/-/backbone-1.4.0.tgz",
      "integrity": "sha512-RLmDrRXkVdouTg38jcgHhyQ/2zjg7a8E6sz2zxfz21Hh17xDJYUHBZimVIt5fUyS8vbfpeSmTL3gUjTEvUV3qQ==",
      "requires": {
        "underscore": ">=1.8.3"
      }
    },
    "balanced-match": {
      "version": "1.0.0",
      "resolved": "https://registry.npmjs.org/balanced-match/-/balanced-match-1.0.0.tgz",
      "integrity": "sha1-ibTRmasr7kneFk6gK4nORi1xt2c="
    },
    "brace-expansion": {
      "version": "1.1.11",
      "resolved": "https://registry.npmjs.org/brace-expansion/-/brace-expansion-1.1.11.tgz",
      "integrity": "sha512-iCuPHDFgrHX7H2vEI/5xpz07zSHB00TpugqhmYtVmMO6518mCuRMoOYFldEBl0g187ufozdaHgWKcYFb61qGiA==",
      "requires": {
        "balanced-match": "^1.0.0",
        "concat-map": "0.0.1"
      }
    },
    "clipboard": {
      "version": "2.0.6",
      "resolved": "https://registry.npmjs.org/clipboard/-/clipboard-2.0.6.tgz",
      "integrity": "sha512-g5zbiixBRk/wyKakSwCKd7vQXDjFnAMGHoEyBogG/bw9kTD9GvdAvaoRR1ALcEzt3pVKxZR0pViekPMIS0QyGg==",
      "optional": true,
      "requires": {
        "good-listener": "^1.2.2",
        "select": "^1.1.2",
        "tiny-emitter": "^2.0.0"
      }
    },
    "commonmark": {
      "version": "0.29.3",
      "resolved": "https://registry.npmjs.org/commonmark/-/commonmark-0.29.3.tgz",
      "integrity": "sha512-fvt/NdOFKaL2gyhltSy6BC4LxbbxbnPxBMl923ittqO/JBM0wQHaoYZliE4tp26cRxX/ZZtRsJlZzQrVdUkXAA==",
      "requires": {
        "entities": "~2.0",
        "mdurl": "~1.0.1",
        "minimist": ">=1.2.2",
        "string.prototype.repeat": "^0.2.0"
      }
    },
    "concat-map": {
      "version": "0.0.1",
      "resolved": "https://registry.npmjs.org/concat-map/-/concat-map-0.0.1.tgz",
      "integrity": "sha1-2Klr13/Wjfd5OnMDajug1UBdR3s="
    },
    "deepmerge": {
      "version": "4.2.2",
      "resolved": "https://registry.npmjs.org/deepmerge/-/deepmerge-4.2.2.tgz",
      "integrity": "sha512-FJ3UgI4gIl+PHZm53knsuSFpE+nESMr7M4v9QcgB7S63Kj/6WqMiFQJpBBYz1Pt+66bZpP3Q7Lye0Oo9MPKEdg=="
    },
    "delegate": {
      "version": "3.2.0",
      "resolved": "https://registry.npmjs.org/delegate/-/delegate-3.2.0.tgz",
      "integrity": "sha512-IofjkYBZaZivn0V8nnsMJGBr4jVLxHDheKSW88PyxS5QC4Vo9ZbZVvhzlSxY87fVq3STR6r+4cGepyHkcWOQSw==",
      "optional": true
    },
    "dom-serializer": {
      "version": "1.2.0",
      "resolved": "https://registry.npmjs.org/dom-serializer/-/dom-serializer-1.2.0.tgz",
      "integrity": "sha512-n6kZFH/KlCrqs/1GHMOd5i2fd/beQHuehKdWvNNffbGHTr/almdhuVvTVFb3V7fglz+nC50fFusu3lY33h12pA==",
      "requires": {
        "domelementtype": "^2.0.1",
        "domhandler": "^4.0.0",
        "entities": "^2.0.0"
      },
      "dependencies": {
        "domhandler": {
          "version": "4.0.0",
          "resolved": "https://registry.npmjs.org/domhandler/-/domhandler-4.0.0.tgz",
          "integrity": "sha512-KPTbnGQ1JeEMQyO1iYXoagsI6so/C96HZiFyByU3T6iAzpXn8EGEvct6unm1ZGoed8ByO2oirxgwxBmqKF9haA==",
          "requires": {
            "domelementtype": "^2.1.0"
          }
        }
      }
    },
    "domelementtype": {
      "version": "2.1.0",
      "resolved": "https://registry.npmjs.org/domelementtype/-/domelementtype-2.1.0.tgz",
      "integrity": "sha512-LsTgx/L5VpD+Q8lmsXSHW2WpA+eBlZ9HPf3erD1IoPF00/3JKHZ3BknUVA2QGDNu69ZNmyFmCWBSO45XjYKC5w=="
    },
    "domhandler": {
      "version": "3.3.0",
      "resolved": "https://registry.npmjs.org/domhandler/-/domhandler-3.3.0.tgz",
      "integrity": "sha512-J1C5rIANUbuYK+FuFL98650rihynUOEzRLxW+90bKZRWB6A1X1Tf82GxR1qAWLyfNPRvjqfip3Q5tdYlmAa9lA==",
      "requires": {
        "domelementtype": "^2.0.1"
      }
    },
    "domutils": {
      "version": "2.4.4",
      "resolved": "https://registry.npmjs.org/domutils/-/domutils-2.4.4.tgz",
      "integrity": "sha512-jBC0vOsECI4OMdD0GC9mGn7NXPLb+Qt6KW1YDQzeQYRUFKmNG8lh7mO5HiELfr+lLQE7loDVI4QcAxV80HS+RA==",
      "requires": {
        "dom-serializer": "^1.0.1",
        "domelementtype": "^2.0.1",
        "domhandler": "^4.0.0"
      },
      "dependencies": {
        "domhandler": {
          "version": "4.0.0",
          "resolved": "https://registry.npmjs.org/domhandler/-/domhandler-4.0.0.tgz",
          "integrity": "sha512-KPTbnGQ1JeEMQyO1iYXoagsI6so/C96HZiFyByU3T6iAzpXn8EGEvct6unm1ZGoed8ByO2oirxgwxBmqKF9haA==",
          "requires": {
            "domelementtype": "^2.1.0"
          }
        }
      }
    },
    "entities": {
      "version": "2.0.3",
      "resolved": "https://registry.npmjs.org/entities/-/entities-2.0.3.tgz",
      "integrity": "sha512-MyoZ0jgnLvB2X3Lg5HqpFmn1kybDiIfEQmKzTb5apr51Rb+T3KdmMiqa70T+bhGnyv7bQ6WMj2QMHpGMmlrUYQ=="
    },
    "esprima": {
      "version": "4.0.1",
      "resolved": "https://registry.npmjs.org/esprima/-/esprima-4.0.1.tgz",
      "integrity": "sha512-eGuFFw7Upda+g4p+QHvnW0RyTX/SVeJBDM/gCtMARO0cLuT2HcEKnTPvhjV6aGeqrCB/sbNop0Kszm0jsaWU4A=="
    },
    "fs-extra": {
      "version": "8.1.0",
      "resolved": "https://registry.npmjs.org/fs-extra/-/fs-extra-8.1.0.tgz",
      "integrity": "sha512-yhlQgA6mnOJUKOsRUFsgJdQCvkKhcz8tlZG5HBQfReYZy46OwLcY+Zia0mtdHsOo9y/hP+CxMN0TU9QxoOtG4g==",
      "requires": {
        "graceful-fs": "^4.2.0",
        "jsonfile": "^4.0.0",
        "universalify": "^0.1.0"
      }
    },
    "fs.realpath": {
      "version": "1.0.0",
      "resolved": "https://registry.npmjs.org/fs.realpath/-/fs.realpath-1.0.0.tgz",
      "integrity": "sha1-FQStJSMVjKpA20onh8sBQRmU6k8="
    },
    "function-bind": {
      "version": "1.1.1",
      "resolved": "https://registry.npmjs.org/function-bind/-/function-bind-1.1.1.tgz",
      "integrity": "sha512-yIovAzMX49sF8Yl58fSCWJ5svSLuaibPxXQJFLmBObTuCr0Mf1KiPopGM9NiFjiYBCbfaa2Fh6breQ6ANVTI0A=="
    },
    "glob": {
      "version": "7.1.6",
      "resolved": "https://registry.npmjs.org/glob/-/glob-7.1.6.tgz",
      "integrity": "sha512-LwaxwyZ72Lk7vZINtNNrywX0ZuLyStrdDtabefZKAY5ZGJhVtgdznluResxNmPitE0SAO+O26sWTHeKSI2wMBA==",
      "requires": {
        "fs.realpath": "^1.0.0",
        "inflight": "^1.0.4",
        "inherits": "2",
        "minimatch": "^3.0.4",
        "once": "^1.3.0",
        "path-is-absolute": "^1.0.0"
      }
    },
    "good-listener": {
      "version": "1.2.2",
      "resolved": "https://registry.npmjs.org/good-listener/-/good-listener-1.2.2.tgz",
      "integrity": "sha1-1TswzfkxPf+33JoNR3CWqm0UXFA=",
      "optional": true,
      "requires": {
        "delegate": "^3.1.2"
      }
    },
    "graceful-fs": {
      "version": "4.2.6",
      "resolved": "https://registry.npmjs.org/graceful-fs/-/graceful-fs-4.2.6.tgz",
      "integrity": "sha512-nTnJ528pbqxYanhpDYsi4Rd8MAeaBA67+RZ10CM1m3bTAVFEDcd5AuA4a6W5YkGZ1iNXHzZz8T6TBKLeBuNriQ=="
    },
    "handlebars": {
      "version": "4.7.6",
      "resolved": "https://registry.npmjs.org/handlebars/-/handlebars-4.7.6.tgz",
      "integrity": "sha512-1f2BACcBfiwAfStCKZNrUCgqNZkGsAT7UM3kkYtXuLo0KnaVfjKOyf7PRzB6++aK9STyT1Pd2ZCPe3EGOXleXA==",
      "requires": {
        "minimist": "^1.2.5",
        "neo-async": "^2.6.0",
        "source-map": "^0.6.1",
        "uglify-js": "^3.1.4",
        "wordwrap": "^1.0.0"
      }
    },
    "has": {
      "version": "1.0.3",
      "resolved": "https://registry.npmjs.org/has/-/has-1.0.3.tgz",
      "integrity": "sha512-f2dvO0VU6Oej7RkWJGrehjbzMAjFp5/VKPp5tTpWIV4JHHZK1/BxbFRtf/siA2SWTe09caDmVtYYzWEIbBS4zw==",
      "requires": {
        "function-bind": "^1.1.1"
      }
    },
    "he": {
      "version": "1.2.0",
      "resolved": "https://registry.npmjs.org/he/-/he-1.2.0.tgz",
      "integrity": "sha512-F/1DnUGPopORZi0ni+CvrCgHQ5FyEAHRLSApuYWMmrbSwoN2Mn/7k+Gl38gJnR7yyDZk6WLXwiGod1JOWNDKGw=="
    },
    "highlight.js": {
      "version": "9.18.5",
      "resolved": "https://registry.npmjs.org/highlight.js/-/highlight.js-9.18.5.tgz",
      "integrity": "sha512-a5bFyofd/BHCX52/8i8uJkjr9DYwXIPnM/plwI6W7ezItLGqzt7X2G2nXuYSfsIJdkwwj/g9DG1LkcGJI/dDoA=="
    },
    "html-to-text": {
      "version": "6.0.0",
      "resolved": "https://registry.npmjs.org/html-to-text/-/html-to-text-6.0.0.tgz",
      "integrity": "sha512-r0KNC5aqCAItsjlgtirW6RW25c92Ee3ybQj8z//4Sl4suE3HIPqM4deGpYCUJULLjtVPEP1+Ma+1ZeX1iMsCiA==",
      "requires": {
        "deepmerge": "^4.2.2",
        "he": "^1.2.0",
        "htmlparser2": "^4.1.0",
        "lodash": "^4.17.20",
        "minimist": "^1.2.5"
      }
    },
    "htmlparser2": {
      "version": "4.1.0",
      "resolved": "https://registry.npmjs.org/htmlparser2/-/htmlparser2-4.1.0.tgz",
      "integrity": "sha512-4zDq1a1zhE4gQso/c5LP1OtrhYTncXNSpvJYtWJBtXAETPlMfi3IFNjGuQbYLuVY4ZR0QMqRVvo4Pdy9KLyP8Q==",
      "requires": {
        "domelementtype": "^2.0.1",
        "domhandler": "^3.0.0",
        "domutils": "^2.0.0",
        "entities": "^2.0.0"
      }
    },
    "inflight": {
      "version": "1.0.6",
      "resolved": "https://registry.npmjs.org/inflight/-/inflight-1.0.6.tgz",
      "integrity": "sha1-Sb1jMdfQLQwJvJEKEHW6gWW1bfk=",
      "requires": {
        "once": "^1.3.0",
        "wrappy": "1"
      }
    },
    "inherits": {
      "version": "2.0.4",
      "resolved": "https://registry.npmjs.org/inherits/-/inherits-2.0.4.tgz",
      "integrity": "sha512-k/vGaX4/Yla3WzyMCvTQOXYeIHvqOKtnqBduzTHpzpQZzAskKMhZ2K+EnBiSM9zGSoIFeMpXKxa4dYeZIQqewQ=="
    },
    "interpret": {
      "version": "1.4.0",
      "resolved": "https://registry.npmjs.org/interpret/-/interpret-1.4.0.tgz",
      "integrity": "sha512-agE4QfB2Lkp9uICn7BAqoscw4SZP9kTE2hxiFI3jBPmXJfdqiahTbUuKGsMoN2GtqL9AxhYioAcVvgsb1HvRbA=="
    },
    "is-core-module": {
      "version": "2.2.0",
      "resolved": "https://registry.npmjs.org/is-core-module/-/is-core-module-2.2.0.tgz",
      "integrity": "sha512-XRAfAdyyY5F5cOXn7hYQDqh2Xmii+DEfIcQGxK/uNwMHhIkPWO0g8msXcbzLe+MpGoR951MlqM/2iIlU4vKDdQ==",
      "requires": {
        "has": "^1.0.3"
      }
    },
    "jquery": {
      "version": "3.5.1",
      "resolved": "https://registry.npmjs.org/jquery/-/jquery-3.5.1.tgz",
      "integrity": "sha512-XwIBPqcMn57FxfT+Go5pzySnm4KWkT1Tv7gjrpT1srtf8Weynl6R273VJ5GjkRb51IzMp5nbaPjJXMWeju2MKg=="
    },
    "js-yaml": {
      "version": "3.14.1",
      "resolved": "https://registry.npmjs.org/js-yaml/-/js-yaml-3.14.1.tgz",
      "integrity": "sha512-okMH7OXXJ7YrN9Ok3/SXrnu4iX9yOk+25nqX4imS2npuvTYDmo/QEZoqwZkYaIDk3jVvBOTOIEgEhaLOynBS9g==",
      "requires": {
        "argparse": "^1.0.7",
        "esprima": "^4.0.0"
      }
    },
    "jsonfile": {
      "version": "4.0.0",
      "resolved": "https://registry.npmjs.org/jsonfile/-/jsonfile-4.0.0.tgz",
      "integrity": "sha1-h3Gq4HmbZAdrdmQPygWPnBDjPss=",
      "requires": {
        "graceful-fs": "^4.1.6"
      }
    },
    "lodash": {
      "version": "4.17.20",
      "resolved": "https://registry.npmjs.org/lodash/-/lodash-4.17.20.tgz",
      "integrity": "sha512-PlhdFcillOINfeV7Ni6oF1TAEayyZBoZ8bcshTHqOYJYlrqzRK5hagpagky5o4HfCzzd1TRkXPMFq6cKk9rGmA=="
    },
    "lunr": {
      "version": "2.3.9",
      "resolved": "https://registry.npmjs.org/lunr/-/lunr-2.3.9.tgz",
      "integrity": "sha512-zTU3DaZaF3Rt9rhN3uBMGQD3dD2/vFQqnvZCDv4dl5iOzq2IZQqTxu90r4E5J+nP70J3ilqVCrbho2eWaeW8Ow=="
    },
    "marked": {
      "version": "0.8.2",
      "resolved": "https://registry.npmjs.org/marked/-/marked-0.8.2.tgz",
      "integrity": "sha512-EGwzEeCcLniFX51DhTpmTom+dSA/MG/OBUDjnWtHbEnjAH180VzUeAw+oE4+Zv+CoYBWyRlYOTR0N8SO9R1PVw=="
    },
    "mdurl": {
      "version": "1.0.1",
      "resolved": "https://registry.npmjs.org/mdurl/-/mdurl-1.0.1.tgz",
      "integrity": "sha1-/oWy7HWlkDfyrf7BAP1sYBdhFS4="
    },
    "minimatch": {
      "version": "3.0.4",
      "resolved": "https://registry.npmjs.org/minimatch/-/minimatch-3.0.4.tgz",
      "integrity": "sha512-yJHVQEhyqPLUTgt9B83PXu6W3rx4MvvHvSUvToogpwoGDOUQ+yDrR0HRot+yOCdCO7u4hX3pWft6kWBBcqh0UA==",
      "requires": {
        "brace-expansion": "^1.1.7"
      }
    },
    "minimist": {
      "version": "1.2.6",
      "resolved": "https://registry.npmjs.org/minimist/-/minimist-1.2.6.tgz",
      "integrity": "sha512-Jsjnk4bw3YJqYzbdyBiNsPWHPfO++UGG749Cxs6peCu5Xg4nrena6OVxOYxrQTqww0Jmwt+Ref8rggumkTLz9Q=="
    },
    "neo-async": {
      "version": "2.6.2",
      "resolved": "https://registry.npmjs.org/neo-async/-/neo-async-2.6.2.tgz",
      "integrity": "sha512-Yd3UES5mWCSqR+qNT93S3UoYUkqAZ9lLg8a7g9rimsWmYGK8cVToA4/sF3RrshdyV3sAGMXVUmpMYOw+dLpOuw=="
    },
    "once": {
      "version": "1.4.0",
      "resolved": "https://registry.npmjs.org/once/-/once-1.4.0.tgz",
      "integrity": "sha1-WDsap3WWHUsROsF9nFC6753Xa9E=",
      "requires": {
        "wrappy": "1"
      }
    },
    "parse-author": {
      "version": "2.0.0",
      "resolved": "https://registry.npmjs.org/parse-author/-/parse-author-2.0.0.tgz",
      "integrity": "sha1-00YL8d3Q367tQtp1QkLmX7aEqB8=",
      "requires": {
        "author-regex": "^1.0.0"
      }
    },
    "path-is-absolute": {
      "version": "1.0.1",
      "resolved": "https://registry.npmjs.org/path-is-absolute/-/path-is-absolute-1.0.1.tgz",
      "integrity": "sha1-F0uSaHNVNP+8es5r9TpanhtcX18="
    },
    "path-parse": {
      "version": "1.0.6",
      "resolved": "https://registry.npmjs.org/path-parse/-/path-parse-1.0.6.tgz",
      "integrity": "sha512-GSmOT2EbHrINBf9SR7CDELwlJ8AENk3Qn7OikK4nFYAu3Ote2+JYNVvkpAEQm3/TLNEJFD/xZJjzyxg3KBWOzw=="
    },
    "prismjs": {
      "version": "1.23.0",
      "resolved": "https://registry.npmjs.org/prismjs/-/prismjs-1.23.0.tgz",
      "integrity": "sha512-c29LVsqOaLbBHuIbsTxaKENh1N2EQBOHaWv7gkHN4dgRbxSREqDnDbtFJYdpPauS4YCplMSNCABQ6Eeor69bAA==",
      "requires": {
        "clipboard": "^2.0.0"
      }
    },
    "progress": {
      "version": "2.0.3",
      "resolved": "https://registry.npmjs.org/progress/-/progress-2.0.3.tgz",
      "integrity": "sha512-7PiHtLll5LdnKIMw100I+8xJXR5gW2QwWYkT6iJva0bXitZKa/XMrSbdmg3r2Xnaidz9Qumd0VPaMrZlF9V9sA=="
    },
    "rechoir": {
      "version": "0.6.2",
      "resolved": "https://registry.npmjs.org/rechoir/-/rechoir-0.6.2.tgz",
      "integrity": "sha1-hSBLVNuoLVdC4oyWdW70OvUOM4Q=",
      "requires": {
        "resolve": "^1.1.6"
      }
    },
    "resolve": {
      "version": "1.19.0",
      "resolved": "https://registry.npmjs.org/resolve/-/resolve-1.19.0.tgz",
      "integrity": "sha512-rArEXAgsBG4UgRGcynxWIWKFvh/XZCcS8UJdHhwy91zwAvCZIbcs+vAbflgBnNjYMs/i/i+/Ux6IZhML1yPvxg==",
      "requires": {
        "is-core-module": "^2.1.0",
        "path-parse": "^1.0.6"
      }
    },
    "select": {
      "version": "1.1.2",
      "resolved": "https://registry.npmjs.org/select/-/select-1.1.2.tgz",
      "integrity": "sha1-DnNQrN7ICxEIUoeG7B1EGNEbOW0=",
      "optional": true
    },
    "shelljs": {
      "version": "0.8.4",
      "resolved": "https://registry.npmjs.org/shelljs/-/shelljs-0.8.4.tgz",
      "integrity": "sha512-7gk3UZ9kOfPLIAbslLzyWeGiEqx9e3rxwZM0KE6EL8GlGwjym9Mrlx5/p33bWTu9YG6vcS4MBxYZDHYr5lr8BQ==",
      "requires": {
        "glob": "^7.0.0",
        "interpret": "^1.0.0",
        "rechoir": "^0.6.2"
      }
    },
    "source-map": {
      "version": "0.6.1",
      "resolved": "https://registry.npmjs.org/source-map/-/source-map-0.6.1.tgz",
      "integrity": "sha512-UjgapumWlbMhkBgzT7Ykc5YXUT46F0iKu8SGXq0bcwP5dz/h0Plj6enJqjz1Zbq2l5WaqYnrVbwWOWMyF3F47g=="
    },
    "sprintf-js": {
      "version": "1.0.3",
      "resolved": "https://registry.npmjs.org/sprintf-js/-/sprintf-js-1.0.3.tgz",
      "integrity": "sha1-BOaSb2YolTVPPdAVIDYzuFcpfiw="
    },
    "string.prototype.repeat": {
      "version": "0.2.0",
      "resolved": "https://registry.npmjs.org/string.prototype.repeat/-/string.prototype.repeat-0.2.0.tgz",
      "integrity": "sha1-q6Nt4I3O5qWjN9SbLqHaGyj8Ds8="
    },
    "tiny-emitter": {
      "version": "2.1.0",
      "resolved": "https://registry.npmjs.org/tiny-emitter/-/tiny-emitter-2.1.0.tgz",
      "integrity": "sha512-NB6Dk1A9xgQPMoGqC5CVXn123gWyte215ONT5Pp5a0yt4nlEoO1ZWeCwpncaekPHXO60i47ihFnZPiRPjRMq4Q==",
      "optional": true
    },
    "typedoc": {
      "version": "0.15.8",
      "resolved": "https://registry.npmjs.org/typedoc/-/typedoc-0.15.8.tgz",
      "integrity": "sha512-a0zypcvfIFsS7Gqpf2MkC1+jNND3K1Om38pbDdy/gYWX01NuJZhC5+O0HkIp0oRIZOo7PWrA5+fC24zkANY28Q==",
      "requires": {
        "@types/minimatch": "3.0.3",
        "fs-extra": "^8.1.0",
        "handlebars": "^4.7.0",
        "highlight.js": "^9.17.1",
        "lodash": "^4.17.15",
        "marked": "^0.8.0",
        "minimatch": "^3.0.0",
        "progress": "^2.0.3",
        "shelljs": "^0.8.3",
        "typedoc-default-themes": "^0.6.3",
        "typescript": "3.7.x"
      },
      "dependencies": {
        "typescript": {
          "version": "3.7.7",
          "resolved": "https://registry.npmjs.org/typescript/-/typescript-3.7.7.tgz",
          "integrity": "sha512-MmQdgo/XenfZPvVLtKZOq9jQQvzaUAUpcKW8Z43x9B2fOm4S5g//tPtMweZUIP+SoBqrVPEIm+dJeQ9dfO0QdA=="
        }
      }
    },
    "typedoc-default-themes": {
      "version": "0.6.3",
      "resolved": "https://registry.npmjs.org/typedoc-default-themes/-/typedoc-default-themes-0.6.3.tgz",
      "integrity": "sha512-rouf0TcIA4M2nOQFfC7Zp4NEwoYiEX4vX/ZtudJWU9IHA29MPC+PPgSXYLPESkUo7FuB//GxigO3mk9Qe1xp3Q==",
      "requires": {
        "backbone": "^1.4.0",
        "jquery": "^3.4.1",
        "lunr": "^2.3.8",
        "underscore": "^1.9.1"
      }
    },
    "typescript": {
      "version": "4.1.3",
      "resolved": "https://registry.npmjs.org/typescript/-/typescript-4.1.3.tgz",
      "integrity": "sha512-B3ZIOf1IKeH2ixgHhj6la6xdwR9QrLC5d1VKeCSY4tvkqhF2eqd9O7txNlS0PO3GrBAFIdr3L1ndNwteUbZLYg=="
    },
    "uglify-js": {
      "version": "3.12.4",
      "resolved": "https://registry.npmjs.org/uglify-js/-/uglify-js-3.12.4.tgz",
      "integrity": "sha512-L5i5jg/SHkEqzN18gQMTWsZk3KelRsfD1wUVNqtq0kzqWQqcJjyL8yc1o8hJgRrWqrAl2mUFbhfznEIoi7zi2A==",
      "optional": true
    },
    "underscore": {
      "version": "1.12.0",
      "resolved": "https://registry.npmjs.org/underscore/-/underscore-1.12.0.tgz",
      "integrity": "sha512-21rQzss/XPMjolTiIezSu3JAjgagXKROtNrYFEOWK109qY1Uv2tVjPTZ1ci2HgvQDA16gHYSthQIJfB+XId/rQ=="
    },
    "universalify": {
      "version": "0.1.2",
      "resolved": "https://registry.npmjs.org/universalify/-/universalify-0.1.2.tgz",
      "integrity": "sha512-rBJeI5CXAlmy1pV+617WB9J63U6XcazHHF2f2dbJix4XzpUF0RS3Zbj0FGIOCAva5P/d/GBOYaACQ1w+0azUkg=="
    },
    "wordwrap": {
      "version": "1.0.0",
      "resolved": "https://registry.npmjs.org/wordwrap/-/wordwrap-1.0.0.tgz",
      "integrity": "sha1-J1hIEIkUVqQXHI0CJkQa3pDLyus="
    },
    "wrappy": {
      "version": "1.0.2",
      "resolved": "https://registry.npmjs.org/wrappy/-/wrappy-1.0.2.tgz",
      "integrity": "sha1-tSQ9jz7BqjXxNkYFvA0QNuMKtp8="
    }
  }
}
